
Microsoft Visual Studio Solution File, Format Version 12.00
# Visual Studio Version 16
VisualStudioVersion = 16.0.30104.148
MinimumVisualStudioVersion = 10.0.40219.1
Project("{FAE04EC0-301F-11D3-BF4B-00C04F79EFBC}") = "ConsoleCPUTool", "ConsoleCPUTool\ConsoleCPUTool.csproj", "{1CE8A78C-DE78-48A6-9430-E0E2F54CBC84}"
EndProject
Global
	GlobalSection(SolutionConfigurationPlatforms) = preSolution
		Debug|Any CPU = Debug|Any CPU
		Release|Any CPU = Release|Any CPU
	EndGlobalSection
	GlobalSection(ProjectConfigurationPlatforms) = postSolution
		{1CE8A78C-DE78-48A6-9430-E0E2F54CBC84}.Debug|Any CPU.ActiveCfg = Debug|Any CPU
		{1CE8A78C-DE78-48A6-9430-E0E2F54CBC84}.Debug|Any CPU.Build.0 = Debug|Any CPU
		{1CE8A78C-DE78-48A6-9430-E0E2F54CBC84}.Release|Any CPU.ActiveCfg = Release|Any CPU
		{1CE8A78C-DE78-48A6-9430-E0E2F54CBC84}.Release|Any CPU.Build.0 = Release|Any CPU
	EndGlobalSection
	GlobalSection(SolutionProperties) = preSolution
		HideSolutionNode = FALSE
	EndGlobalSection
	GlobalSection(ExtensibilityGlobals) = postSolution
		SolutionGuid = {1BE8F8D0-E2D6-412C-B3E1-4E012220D012}
	EndGlobalSection
EndGlobal
